
Microsoft Visual Studio Solution File, Format Version 12.00
# Visual Studio Version 16
VisualStudioVersion = 16.0.31129.286
MinimumVisualStudioVersion = 10.0.40219.1
Project("{FAE04EC0-301F-11D3-BF4B-00C04F79EFBC}") = "CyclingBot", "CyclingBot.csproj", "{95AF1BB1-D1B0-4B58-8B28-EF6EA1842F49}"
EndProject
Global
	GlobalSection(SolutionConfigurationPlatforms) = preSolution
		Debug|Any CPU = Debug|Any CPU
		Release|Any CPU = Release|Any CPU
	EndGlobalSection
	GlobalSection(ProjectConfigurationPlatforms) = postSolution
		{95AF1BB1-D1B0-4B58-8B28-EF6EA1842F49}.Debug|Any CPU.ActiveCfg = Debug|Any CPU
		{95AF1BB1-D1B0-4B58-8B28-EF6EA1842F49}.Debug|Any CPU.Build.0 = Debug|Any CPU
		{95AF1BB1-D1B0-4B58-8B28-EF6EA1842F49}.Release|Any CPU.ActiveCfg = Release|Any CPU
		{95AF1BB1-D1B0-4B58-8B28-EF6EA1842F49}.Release|Any CPU.Build.0 = Release|Any CPU
	EndGlobalSection
	GlobalSection(SolutionProperties) = preSolution
		HideSolutionNode = FALSE
	EndGlobalSection
	GlobalSection(ExtensibilityGlobals) = postSolution
		SolutionGuid = {404B0DFC-59E6-462A-AB90-75948064EB89}
	EndGlobalSection
EndGlobal
